{
  "version": 4,
  "terraform_version": "1.2.7",
  "serial": 3,
  "lineage": "52f73998-f317-0843-5e1e-8c1e9364f909",
  "outputs": {},
  "resources": [
    {
      "mode": "managed",
      "type": "icdc_service_request",
      "name": "new",
      "provider": "provider[\"local.com/ahrechushkin/icdc\"]",
      "instances": [
        {
          "schema_version": 0,
          "attributes": {
            "adminpassword": "generate_password",
            "auth_type": "key",
            "cores_per_socket": "1",
            "description": "terraform-plugin",
            "hostname": "generated-hostname",
            "id": "8082",
            "number_of_sockets": "1",
            "region_number": "18",
            "service_name": "terraform-test",
            "service_template_href": "/api/service_templates/18000000000034",
            "ssh_key": "ssh-rsa AAAAB3NzaC1yc2EAAAADAQABAAABgQDU2ixuBrQNH/XeWowxh4CeAjvlkT0Pnz6+GWu1UyJR7/N5TC2DF4cFp4EKWdSxkxKmVg8DUBgsUNJofpDfDJLcwP+kKpYEEiMT4VL4FnPZzDD0hbUbfzaBQCUNtJRHLT91qkysOgm08jaFUlWTI6JhaybVowmpiD0nv1UQW98SKzrVYMXxDv1PSAvESJG8YyQ0zf/RslwaHyiyiqm5uLHoXHEO77ddNkRB5e3meQKiIwEr1f0BjUVgh+kINSlOQLl3euDHaniBAbt6qPOtFHSYXs993rqK3TRN180nigfdSGoJc6FrWF7MiuFC4lUmnk2MzFdGM0TWU/1eniQ0WxfE/lUMI4bIa813+z43cllOvQQitxIgVFRWtJsKm6Lbnw20ioT34rrKKWxHYCI5JvrA7vx39IsgrbFsU952BXOTLVvMPUVGyQYTwIRkmPlJ2GHyicDTBUYv7FGFjVz7gw7ZCIH5HNWSn+57rUdJVzZV+eUM8mrfkPnDOQniRxbnnkk= ahrechushkin@hrechushkin-av",
            "system_disk_size": "30",
            "system_disk_type": "nvme",
            "vlan": "ycz_icdc_base (ycz_icdc_base)",
            "vm_memory": "4096"
          },
          "sensitive_attributes": [],
          "private": "bnVsbA=="
        }
      ]
    }
  ]
}
